
Microsoft Visual Studio Solution File, Format Version 12.00
# Visual Studio Version 17
VisualStudioVersion = 17.14.36623.8
MinimumVisualStudioVersion = 10.0.40219.1
Project("{FAE04EC0-301F-11D3-BF4B-00C04F79EFBC}") = "Programmering3sem", "Programmering3sem\Programmering3sem.csproj", "{268E8D3C-9285-4BC1-8915-D5D384DA6CBB}"
EndProject
Project("{2150E333-8FDC-42A3-9474-1A3956D46DE8}") = "02_ Algoritmer", "02_ Algoritmer", "{02EA681E-C7D8-13C7-8484-4AC65E1B71E8}"
EndProject
Project("{2150E333-8FDC-42A3-9474-1A3956D46DE8}") = "04_Network", "04_Network", "{84B722F4-3340-4D99-B565-4078246F56AD}"
EndProject
Project("{2150E333-8FDC-42A3-9474-1A3956D46DE8}") = "03_DesignPatterns", "03_DesignPatterns", "{2DBC52A9-7682-45F2-A75A-BED5AC39583D}"
EndProject
Project("{2150E333-8FDC-42A3-9474-1A3956D46DE8}") = "06_UnitTest", "06_UnitTest", "{34DADABC-65D8-4AA5-AFF9-A92F3F0528AF}"
EndProject
Project("{2150E333-8FDC-42A3-9474-1A3956D46DE8}") = "05_Treads", "05_Treads", "{76B3B1FB-D027-4E8B-8CDC-22C64F076D49}"
EndProject
Project("{2150E333-8FDC-42A3-9474-1A3956D46DE8}") = "01_Andet", "01_Andet", "{DE975E0D-98E2-4374-A46D-1E6B3E6C2D88}"
EndProject
Project("{2150E333-8FDC-42A3-9474-1A3956D46DE8}") = "Astar", "Astar", "{643A13A8-5424-4CA8-B070-FF09FC395AA2}"
EndProject
Project("{2150E333-8FDC-42A3-9474-1A3956D46DE8}") = "BFS", "BFS", "{BDBA58BE-5E14-42AF-A23A-61ED95F489B7}"
EndProject
Project("{2150E333-8FDC-42A3-9474-1A3956D46DE8}") = "DFS", "DFS", "{5D847F3A-CF00-46B3-A229-DAE3C27FB1D5}"
EndProject
Project("{2150E333-8FDC-42A3-9474-1A3956D46DE8}") = "BubbleSort", "BubbleSort", "{64B0144B-0ACE-4AF0-9B82-7CA592CCA961}"
EndProject
Project("{2150E333-8FDC-42A3-9474-1A3956D46DE8}") = "Djikstra", "Djikstra", "{6109C2F2-BBA7-42B5-A227-C978AAF46E96}"
EndProject
Project("{2150E333-8FDC-42A3-9474-1A3956D46DE8}") = "QuickSort", "QuickSort", "{4EE653A1-B641-4D81-A058-9AE5D9CAFD57}"
EndProject
Project("{2150E333-8FDC-42A3-9474-1A3956D46DE8}") = "InsertionSort", "InsertionSort", "{9C649222-E11A-4D69-8F53-62414EF7B05B}"
EndProject
Project("{2150E333-8FDC-42A3-9474-1A3956D46DE8}") = "Builder", "Builder", "{DE4181BA-2D97-420B-97A3-D1BD33CCF2BB}"
EndProject
Project("{2150E333-8FDC-42A3-9474-1A3956D46DE8}") = "Composite", "Composite", "{2CBC0F87-148C-499A-9EBB-EA9FB57A08F0}"
EndProject
Project("{2150E333-8FDC-42A3-9474-1A3956D46DE8}") = "EagerLoading", "EagerLoading", "{3BFA441B-8B01-4DAE-87A6-80CD4CE46A99}"
EndProject
Project("{2150E333-8FDC-42A3-9474-1A3956D46DE8}") = "LazyLoading", "LazyLoading", "{1F982EF0-826D-4D0D-ACA4-20C92021C1D9}"
EndProject
Project("{2150E333-8FDC-42A3-9474-1A3956D46DE8}") = "Factory", "Factory", "{058BD9E9-A2E8-44DF-B12F-46F31A98226D}"
EndProject
Project("{2150E333-8FDC-42A3-9474-1A3956D46DE8}") = "Object pool", "Object pool", "{8050911D-8436-4A30-81DC-518A73F6B01C}"
EndProject
Project("{2150E333-8FDC-42A3-9474-1A3956D46DE8}") = "Observer", "Observer", "{7914E941-827C-492F-B975-CFAABFEAA50B}"
EndProject
Project("{2150E333-8FDC-42A3-9474-1A3956D46DE8}") = "Strategy", "Strategy", "{1E60D776-DD16-4215-9332-6D5987EC0BA5}"
EndProject
Project("{2150E333-8FDC-42A3-9474-1A3956D46DE8}") = "State", "State", "{E2954F36-BB9F-43C8-8BD6-6C76234245F5}"
EndProject
Project("{2150E333-8FDC-42A3-9474-1A3956D46DE8}") = "Singleton", "Singleton", "{07C70CCB-24FF-4C8D-9080-C13AC6CD1146}"
EndProject
Project("{2150E333-8FDC-42A3-9474-1A3956D46DE8}") = "Prototype", "Prototype", "{EF887AC0-A72C-4504-9493-17E15F824279}"
EndProject
Project("{2150E333-8FDC-42A3-9474-1A3956D46DE8}") = "Kryptering", "Kryptering", "{0DF617FF-F279-481E-AB67-65BB0A729C6A}"
EndProject
Project("{2150E333-8FDC-42A3-9474-1A3956D46DE8}") = "Asymmetric", "Asymmetric", "{222C8FD8-3CA9-4924-A380-6EA717F0114B}"
EndProject
Project("{2150E333-8FDC-42A3-9474-1A3956D46DE8}") = "EncryptingDecrypting", "EncryptingDecrypting", "{791D6812-ADFD-4609-BE61-F4FDDCB90093}"
EndProject
Project("{2150E333-8FDC-42A3-9474-1A3956D46DE8}") = "HashEncoding", "HashEncoding", "{CB6A205F-13FF-497A-B102-01BE14564270}"
EndProject
Project("{2150E333-8FDC-42A3-9474-1A3956D46DE8}") = "Salt", "Salt", "{742B53A8-3167-4412-BB7B-A06A8A177495}"
EndProject
Project("{2150E333-8FDC-42A3-9474-1A3956D46DE8}") = "Symmetric", "Symmetric", "{674B3DC4-4B73-49BE-9451-6A78CE698421}"
EndProject
Project("{2150E333-8FDC-42A3-9474-1A3956D46DE8}") = "P2P", "P2P", "{DF490095-1D91-4251-A33B-95EED0B5CBF2}"
EndProject
Project("{2150E333-8FDC-42A3-9474-1A3956D46DE8}") = "Rest_Server", "Rest_Server", "{D68DFE6F-AA16-479A-A93D-AB29D0F7D77B}"
EndProject
Project("{2150E333-8FDC-42A3-9474-1A3956D46DE8}") = "TCP", "TCP", "{77230C40-799C-4E4C-9FB3-1918F1CBDD92}"
EndProject
Project("{2150E333-8FDC-42A3-9474-1A3956D46DE8}") = "UDP", "UDP", "{F60AD1A4-24A3-4F06-98A3-5848851E1F2B}"
EndProject
Project("{2150E333-8FDC-42A3-9474-1A3956D46DE8}") = "Generics", "Generics", "{E8AA2839-DF33-40B1-AA6A-28F031BE2A6E}"
EndProject
Project("{2150E333-8FDC-42A3-9474-1A3956D46DE8}") = "LinkedList_Generic", "LinkedList_Generic", "{D1278AEB-FBE4-42BD-836F-160F884C5A82}"
EndProject
Project("{2150E333-8FDC-42A3-9474-1A3956D46DE8}") = "ListFromArrays", "ListFromArrays", "{D9EB0E3E-4004-4C60-ADB0-A1A5D1EB3EDF}"
EndProject
Project("{2150E333-8FDC-42A3-9474-1A3956D46DE8}") = "QueueFromList", "QueueFromList", "{4A98261A-9F4E-486D-B614-820481A7B1C6}"
EndProject
Project("{2150E333-8FDC-42A3-9474-1A3956D46DE8}") = "StackFromList", "StackFromList", "{48045AC3-BF82-4B75-8C26-5F73DE57BF52}"
EndProject
Project("{2150E333-8FDC-42A3-9474-1A3956D46DE8}") = "DeadLock", "DeadLock", "{58869596-EF03-496C-A359-B42A6ECC26B9}"
EndProject
Project("{2150E333-8FDC-42A3-9474-1A3956D46DE8}") = "LiveLock", "LiveLock", "{D8177FFC-CCEB-4594-945B-77E8A8946DBA}"
EndProject
Project("{2150E333-8FDC-42A3-9474-1A3956D46DE8}") = "Lock", "Lock", "{A3215DFB-B3C2-4FCC-B15C-2FA65917F8A5}"
EndProject
Project("{2150E333-8FDC-42A3-9474-1A3956D46DE8}") = "Monitor", "Monitor", "{D4B7408D-D3C4-44F0-AA52-DF0DFA98EE34}"
EndProject
Project("{2150E333-8FDC-42A3-9474-1A3956D46DE8}") = "Mutex", "Mutex", "{2A30A663-0D27-4AA0-B442-3CFCEFF6D2AA}"
EndProject
Project("{2150E333-8FDC-42A3-9474-1A3956D46DE8}") = "RaceCondition", "RaceCondition", "{17E94F6C-A2FE-429A-9553-B8C261789ABB}"
EndProject
Project("{2150E333-8FDC-42A3-9474-1A3956D46DE8}") = "SemaPhor", "SemaPhor", "{4EE9C9BD-764F-4889-8C78-A0A83E34CE7F}"
EndProject
Project("{2150E333-8FDC-42A3-9474-1A3956D46DE8}") = "Starvation", "Starvation", "{92052E81-DEF1-423A-81C7-BA379AD7C4AB}"
EndProject
Project("{2150E333-8FDC-42A3-9474-1A3956D46DE8}") = "TreadPool", "TreadPool", "{BFC2E3E9-1899-4FB6-88F3-15B4DC598E78}"
EndProject
Project("{2150E333-8FDC-42A3-9474-1A3956D46DE8}") = "TreadingGeneral", "TreadingGeneral", "{DF8219B0-1A35-4AE8-812D-B9B07E3D0B7F}"
EndProject
Project("{FAE04EC0-301F-11D3-BF4B-00C04F79EFBC}") = "Testing", "Testing\Testing.csproj", "{3FA436E0-84EE-4A3C-B640-9CB086C89C57}"
EndProject
Project("{2150E333-8FDC-42A3-9474-1A3956D46DE8}") = "Exercises", "Exercises", "{31B29ED4-604C-4AC8-9B13-9B966DA4D110}"
EndProject
Project("{FAE04EC0-301F-11D3-BF4B-00C04F79EFBC}") = "SerializeExercises", "SerializeExercises\SerializeExercises.csproj", "{5FA112E9-3A29-48AF-9402-FEF1DAC013EC}"
EndProject
Project("{FAE04EC0-301F-11D3-BF4B-00C04F79EFBC}") = "EncodingExercise", "EncodingExercise\EncodingExercise.csproj", "{299FFD1F-4B22-49E6-94DA-38CC0F15EC36}"
EndProject
Project("{2150E333-8FDC-42A3-9474-1A3956D46DE8}") = "Command", "Command", "{119B1EB9-93C6-47B0-ABDF-076C14A44189}"
EndProject
Project("{FAE04EC0-301F-11D3-BF4B-00C04F79EFBC}") = "Command", "Command\Command.csproj", "{8241C048-23B2-44D2-BB0D-1DBB13DC008A}"
EndProject
Project("{FAE04EC0-301F-11D3-BF4B-00C04F79EFBC}") = "Observer", "Observer\Observer.csproj", "{A8C4DECD-75D7-4C49-90A6-9BDDF907A683}"
EndProject
Project("{FAE04EC0-301F-11D3-BF4B-00C04F79EFBC}") = "ObserverEvent", "ObserverEvent\ObserverEvent.csproj", "{60CCE339-B3AE-4AED-B8F2-34BBE1E3A858}"
EndProject
Project("{2150E333-8FDC-42A3-9474-1A3956D46DE8}") = "ObserverEventPattern", "ObserverEventPattern", "{4EB7B6B4-9D69-45B8-B995-333D6A6490F2}"
EndProject
Project("{FAE04EC0-301F-11D3-BF4B-00C04F79EFBC}") = "Composite", "Composite\Composite.csproj", "{CC9E5485-3EC2-4BE0-899A-2D8B66025EFB}"
EndProject
Project("{FAE04EC0-301F-11D3-BF4B-00C04F79EFBC}") = "Prototype", "Prototype\Prototype.csproj", "{5437BC04-B247-42B0-A535-30E4AD212391}"
EndProject
Project("{FAE04EC0-301F-11D3-BF4B-00C04F79EFBC}") = "Singleton", "Singleton\Singleton.csproj", "{64B3464A-38CD-4361-BD0D-A62502CD863E}"
EndProject
Project("{FAE04EC0-301F-11D3-BF4B-00C04F79EFBC}") = "Factory", "Factory\Factory.csproj", "{6800044C-9B10-4BB4-87D3-07108CD2EB74}"
EndProject
Project("{FAE04EC0-301F-11D3-BF4B-00C04F79EFBC}") = "Builder", "Builder\Builder.csproj", "{D90EFA43-E374-4D2C-B394-91B2C49CA922}"
EndProject
Project("{FAE04EC0-301F-11D3-BF4B-00C04F79EFBC}") = "LazyLoadingT", "LazyLoadingT\LazyLoadingT.csproj", "{6F9700B5-9C46-475E-BFDB-F8AA68319009}"
EndProject
Project("{FAE04EC0-301F-11D3-BF4B-00C04F79EFBC}") = "Strategy", "Strategy\Strategy.csproj", "{7DBCA390-44AC-409A-97D1-A1319491650E}"
EndProject
Project("{FAE04EC0-301F-11D3-BF4B-00C04F79EFBC}") = "State", "State\State.csproj", "{6C94F071-7D49-4A68-8928-14AA1B805450}"
EndProject
Project("{FAE04EC0-301F-11D3-BF4B-00C04F79EFBC}") = "ObjectPool", "ObjectPool\ObjectPool.csproj", "{8C04BA22-40A1-4FA8-A9DB-0C2A425431C6}"
EndProject
Project("{FAE04EC0-301F-11D3-BF4B-00C04F79EFBC}") = "Traade_generel", "Traade_generel\Traade_generel.csproj", "{A096F480-B4B7-41A5-87E1-FC08278CDD68}"
EndProject
Project("{2150E333-8FDC-42A3-9474-1A3956D46DE8}") = "TCP Better", "TCP Better", "{72189EFC-EDC7-4D1C-B353-77F62F4A2AD5}"
EndProject
Project("{FAE04EC0-301F-11D3-BF4B-00C04F79EFBC}") = "TCPClient", "TCPClient\TCPClient.csproj", "{2242A5EC-5C1D-4B95-B959-BB198B9C6D85}"
EndProject
Project("{FAE04EC0-301F-11D3-BF4B-00C04F79EFBC}") = "TCPServer", "TCPServer\TCPServer.csproj", "{D36B8C58-F0C8-4A5A-81CC-AEEEF2A55C17}"
EndProject
Project("{FAE04EC0-301F-11D3-BF4B-00C04F79EFBC}") = "UDPServer", "UDP\UDPServer.csproj", "{AAED750B-9D9F-455D-9E1D-A64EBF41CE59}"
EndProject
Project("{FAE04EC0-301F-11D3-BF4B-00C04F79EFBC}") = "UDPClient", "UDPClient\UDPClient.csproj", "{FBC9E1AA-29CD-4FD8-9821-990BF313BE24}"
EndProject
Project("{FAE04EC0-301F-11D3-BF4B-00C04F79EFBC}") = "MathProject", "MathTest\MathProject.csproj", "{9F77DC89-9F37-4B6F-BBD3-6DEBCCB6F9B8}"
EndProject
Project("{FAE04EC0-301F-11D3-BF4B-00C04F79EFBC}") = "MathUnitTest", "MathUnitTest\MathUnitTest.csproj", "{C962AFC1-C825-43E1-9F01-5B9A1B4E09E4}"
EndProject
Global
	GlobalSection(SolutionConfigurationPlatforms) = preSolution
		Debug|Any CPU = Debug|Any CPU
		Release|Any CPU = Release|Any CPU
	EndGlobalSection
	GlobalSection(ProjectConfigurationPlatforms) = postSolution
		{268E8D3C-9285-4BC1-8915-D5D384DA6CBB}.Debug|Any CPU.ActiveCfg = Debug|Any CPU
		{268E8D3C-9285-4BC1-8915-D5D384DA6CBB}.Debug|Any CPU.Build.0 = Debug|Any CPU
		{268E8D3C-9285-4BC1-8915-D5D384DA6CBB}.Release|Any CPU.ActiveCfg = Release|Any CPU
		{268E8D3C-9285-4BC1-8915-D5D384DA6CBB}.Release|Any CPU.Build.0 = Release|Any CPU
		{3FA436E0-84EE-4A3C-B640-9CB086C89C57}.Debug|Any CPU.ActiveCfg = Debug|Any CPU
		{3FA436E0-84EE-4A3C-B640-9CB086C89C57}.Debug|Any CPU.Build.0 = Debug|Any CPU
		{3FA436E0-84EE-4A3C-B640-9CB086C89C57}.Release|Any CPU.ActiveCfg = Release|Any CPU
		{3FA436E0-84EE-4A3C-B640-9CB086C89C57}.Release|Any CPU.Build.0 = Release|Any CPU
		{5FA112E9-3A29-48AF-9402-FEF1DAC013EC}.Debug|Any CPU.ActiveCfg = Debug|Any CPU
		{5FA112E9-3A29-48AF-9402-FEF1DAC013EC}.Debug|Any CPU.Build.0 = Debug|Any CPU
		{5FA112E9-3A29-48AF-9402-FEF1DAC013EC}.Release|Any CPU.ActiveCfg = Release|Any CPU
		{5FA112E9-3A29-48AF-9402-FEF1DAC013EC}.Release|Any CPU.Build.0 = Release|Any CPU
		{299FFD1F-4B22-49E6-94DA-38CC0F15EC36}.Debug|Any CPU.ActiveCfg = Debug|Any CPU
		{299FFD1F-4B22-49E6-94DA-38CC0F15EC36}.Debug|Any CPU.Build.0 = Debug|Any CPU
		{299FFD1F-4B22-49E6-94DA-38CC0F15EC36}.Release|Any CPU.ActiveCfg = Release|Any CPU
		{299FFD1F-4B22-49E6-94DA-38CC0F15EC36}.Release|Any CPU.Build.0 = Release|Any CPU
		{8241C048-23B2-44D2-BB0D-1DBB13DC008A}.Debug|Any CPU.ActiveCfg = Debug|Any CPU
		{8241C048-23B2-44D2-BB0D-1DBB13DC008A}.Debug|Any CPU.Build.0 = Debug|Any CPU
		{8241C048-23B2-44D2-BB0D-1DBB13DC008A}.Release|Any CPU.ActiveCfg = Release|Any CPU
		{8241C048-23B2-44D2-BB0D-1DBB13DC008A}.Release|Any CPU.Build.0 = Release|Any CPU
		{A8C4DECD-75D7-4C49-90A6-9BDDF907A683}.Debug|Any CPU.ActiveCfg = Debug|Any CPU
		{A8C4DECD-75D7-4C49-90A6-9BDDF907A683}.Debug|Any CPU.Build.0 = Debug|Any CPU
		{A8C4DECD-75D7-4C49-90A6-9BDDF907A683}.Release|Any CPU.ActiveCfg = Release|Any CPU
		{A8C4DECD-75D7-4C49-90A6-9BDDF907A683}.Release|Any CPU.Build.0 = Release|Any CPU
		{60CCE339-B3AE-4AED-B8F2-34BBE1E3A858}.Debug|Any CPU.ActiveCfg = Debug|Any CPU
		{60CCE339-B3AE-4AED-B8F2-34BBE1E3A858}.Debug|Any CPU.Build.0 = Debug|Any CPU
		{60CCE339-B3AE-4AED-B8F2-34BBE1E3A858}.Release|Any CPU.ActiveCfg = Release|Any CPU
		{60CCE339-B3AE-4AED-B8F2-34BBE1E3A858}.Release|Any CPU.Build.0 = Release|Any CPU
		{CC9E5485-3EC2-4BE0-899A-2D8B66025EFB}.Debug|Any CPU.ActiveCfg = Debug|Any CPU
		{CC9E5485-3EC2-4BE0-899A-2D8B66025EFB}.Debug|Any CPU.Build.0 = Debug|Any CPU
		{CC9E5485-3EC2-4BE0-899A-2D8B66025EFB}.Release|Any CPU.ActiveCfg = Release|Any CPU
		{CC9E5485-3EC2-4BE0-899A-2D8B66025EFB}.Release|Any CPU.Build.0 = Release|Any CPU
		{5437BC04-B247-42B0-A535-30E4AD212391}.Debug|Any CPU.ActiveCfg = Debug|Any CPU
		{5437BC04-B247-42B0-A535-30E4AD212391}.Debug|Any CPU.Build.0 = Debug|Any CPU
		{5437BC04-B247-42B0-A535-30E4AD212391}.Release|Any CPU.ActiveCfg = Release|Any CPU
		{5437BC04-B247-42B0-A535-30E4AD212391}.Release|Any CPU.Build.0 = Release|Any CPU
		{64B3464A-38CD-4361-BD0D-A62502CD863E}.Debug|Any CPU.ActiveCfg = Debug|Any CPU
		{64B3464A-38CD-4361-BD0D-A62502CD863E}.Debug|Any CPU.Build.0 = Debug|Any CPU
		{64B3464A-38CD-4361-BD0D-A62502CD863E}.Release|Any CPU.ActiveCfg = Release|Any CPU
		{64B3464A-38CD-4361-BD0D-A62502CD863E}.Release|Any CPU.Build.0 = Release|Any CPU
		{6800044C-9B10-4BB4-87D3-07108CD2EB74}.Debug|Any CPU.ActiveCfg = Debug|Any CPU
		{6800044C-9B10-4BB4-87D3-07108CD2EB74}.Debug|Any CPU.Build.0 = Debug|Any CPU
		{6800044C-9B10-4BB4-87D3-07108CD2EB74}.Release|Any CPU.ActiveCfg = Release|Any CPU
		{6800044C-9B10-4BB4-87D3-07108CD2EB74}.Release|Any CPU.Build.0 = Release|Any CPU
		{D90EFA43-E374-4D2C-B394-91B2C49CA922}.Debug|Any CPU.ActiveCfg = Debug|Any CPU
		{D90EFA43-E374-4D2C-B394-91B2C49CA922}.Debug|Any CPU.Build.0 = Debug|Any CPU
		{D90EFA43-E374-4D2C-B394-91B2C49CA922}.Release|Any CPU.ActiveCfg = Release|Any CPU
		{D90EFA43-E374-4D2C-B394-91B2C49CA922}.Release|Any CPU.Build.0 = Release|Any CPU
		{6F9700B5-9C46-475E-BFDB-F8AA68319009}.Debug|Any CPU.ActiveCfg = Debug|Any CPU
		{6F9700B5-9C46-475E-BFDB-F8AA68319009}.Debug|Any CPU.Build.0 = Debug|Any CPU
		{6F9700B5-9C46-475E-BFDB-F8AA68319009}.Release|Any CPU.ActiveCfg = Release|Any CPU
		{6F9700B5-9C46-475E-BFDB-F8AA68319009}.Release|Any CPU.Build.0 = Release|Any CPU
		{7DBCA390-44AC-409A-97D1-A1319491650E}.Debug|Any CPU.ActiveCfg = Debug|Any CPU
		{7DBCA390-44AC-409A-97D1-A1319491650E}.Debug|Any CPU.Build.0 = Debug|Any CPU
		{7DBCA390-44AC-409A-97D1-A1319491650E}.Release|Any CPU.ActiveCfg = Release|Any CPU
		{7DBCA390-44AC-409A-97D1-A1319491650E}.Release|Any CPU.Build.0 = Release|Any CPU
		{6C94F071-7D49-4A68-8928-14AA1B805450}.Debug|Any CPU.ActiveCfg = Debug|Any CPU
		{6C94F071-7D49-4A68-8928-14AA1B805450}.Debug|Any CPU.Build.0 = Debug|Any CPU
		{6C94F071-7D49-4A68-8928-14AA1B805450}.Release|Any CPU.ActiveCfg = Release|Any CPU
		{6C94F071-7D49-4A68-8928-14AA1B805450}.Release|Any CPU.Build.0 = Release|Any CPU
		{8C04BA22-40A1-4FA8-A9DB-0C2A425431C6}.Debug|Any CPU.ActiveCfg = Debug|Any CPU
		{8C04BA22-40A1-4FA8-A9DB-0C2A425431C6}.Debug|Any CPU.Build.0 = Debug|Any CPU
		{8C04BA22-40A1-4FA8-A9DB-0C2A425431C6}.Release|Any CPU.ActiveCfg = Release|Any CPU
		{8C04BA22-40A1-4FA8-A9DB-0C2A425431C6}.Release|Any CPU.Build.0 = Release|Any CPU
		{A096F480-B4B7-41A5-87E1-FC08278CDD68}.Debug|Any CPU.ActiveCfg = Debug|Any CPU
		{A096F480-B4B7-41A5-87E1-FC08278CDD68}.Debug|Any CPU.Build.0 = Debug|Any CPU
		{A096F480-B4B7-41A5-87E1-FC08278CDD68}.Release|Any CPU.ActiveCfg = Release|Any CPU
		{A096F480-B4B7-41A5-87E1-FC08278CDD68}.Release|Any CPU.Build.0 = Release|Any CPU
		{2242A5EC-5C1D-4B95-B959-BB198B9C6D85}.Debug|Any CPU.ActiveCfg = Debug|Any CPU
		{2242A5EC-5C1D-4B95-B959-BB198B9C6D85}.Debug|Any CPU.Build.0 = Debug|Any CPU
		{2242A5EC-5C1D-4B95-B959-BB198B9C6D85}.Release|Any CPU.ActiveCfg = Release|Any CPU
		{2242A5EC-5C1D-4B95-B959-BB198B9C6D85}.Release|Any CPU.Build.0 = Release|Any CPU
		{D36B8C58-F0C8-4A5A-81CC-AEEEF2A55C17}.Debug|Any CPU.ActiveCfg = Debug|Any CPU
		{D36B8C58-F0C8-4A5A-81CC-AEEEF2A55C17}.Debug|Any CPU.Build.0 = Debug|Any CPU
		{D36B8C58-F0C8-4A5A-81CC-AEEEF2A55C17}.Release|Any CPU.ActiveCfg = Release|Any CPU
		{D36B8C58-F0C8-4A5A-81CC-AEEEF2A55C17}.Release|Any CPU.Build.0 = Release|Any CPU
		{AAED750B-9D9F-455D-9E1D-A64EBF41CE59}.Debug|Any CPU.ActiveCfg = Debug|Any CPU
		{AAED750B-9D9F-455D-9E1D-A64EBF41CE59}.Debug|Any CPU.Build.0 = Debug|Any CPU
		{AAED750B-9D9F-455D-9E1D-A64EBF41CE59}.Release|Any CPU.ActiveCfg = Release|Any CPU
		{AAED750B-9D9F-455D-9E1D-A64EBF41CE59}.Release|Any CPU.Build.0 = Release|Any CPU
		{FBC9E1AA-29CD-4FD8-9821-990BF313BE24}.Debug|Any CPU.ActiveCfg = Debug|Any CPU
		{FBC9E1AA-29CD-4FD8-9821-990BF313BE24}.Debug|Any CPU.Build.0 = Debug|Any CPU
		{FBC9E1AA-29CD-4FD8-9821-990BF313BE24}.Release|Any CPU.ActiveCfg = Release|Any CPU
		{FBC9E1AA-29CD-4FD8-9821-990BF313BE24}.Release|Any CPU.Build.0 = Release|Any CPU
		{9F77DC89-9F37-4B6F-BBD3-6DEBCCB6F9B8}.Debug|Any CPU.ActiveCfg = Debug|Any CPU
		{9F77DC89-9F37-4B6F-BBD3-6DEBCCB6F9B8}.Debug|Any CPU.Build.0 = Debug|Any CPU
		{9F77DC89-9F37-4B6F-BBD3-6DEBCCB6F9B8}.Release|Any CPU.ActiveCfg = Release|Any CPU
		{9F77DC89-9F37-4B6F-BBD3-6DEBCCB6F9B8}.Release|Any CPU.Build.0 = Release|Any CPU
		{C962AFC1-C825-43E1-9F01-5B9A1B4E09E4}.Debug|Any CPU.ActiveCfg = Debug|Any CPU
		{C962AFC1-C825-43E1-9F01-5B9A1B4E09E4}.Debug|Any CPU.Build.0 = Debug|Any CPU
		{C962AFC1-C825-43E1-9F01-5B9A1B4E09E4}.Release|Any CPU.ActiveCfg = Release|Any CPU
		{C962AFC1-C825-43E1-9F01-5B9A1B4E09E4}.Release|Any CPU.Build.0 = Release|Any CPU
	EndGlobalSection
	GlobalSection(SolutionProperties) = preSolution
		HideSolutionNode = FALSE
	EndGlobalSection
	GlobalSection(NestedProjects) = preSolution
		{643A13A8-5424-4CA8-B070-FF09FC395AA2} = {02EA681E-C7D8-13C7-8484-4AC65E1B71E8}
		{BDBA58BE-5E14-42AF-A23A-61ED95F489B7} = {02EA681E-C7D8-13C7-8484-4AC65E1B71E8}
		{5D847F3A-CF00-46B3-A229-DAE3C27FB1D5} = {02EA681E-C7D8-13C7-8484-4AC65E1B71E8}
		{64B0144B-0ACE-4AF0-9B82-7CA592CCA961} = {02EA681E-C7D8-13C7-8484-4AC65E1B71E8}
		{6109C2F2-BBA7-42B5-A227-C978AAF46E96} = {02EA681E-C7D8-13C7-8484-4AC65E1B71E8}
		{4EE653A1-B641-4D81-A058-9AE5D9CAFD57} = {02EA681E-C7D8-13C7-8484-4AC65E1B71E8}
		{9C649222-E11A-4D69-8F53-62414EF7B05B} = {02EA681E-C7D8-13C7-8484-4AC65E1B71E8}
		{DE4181BA-2D97-420B-97A3-D1BD33CCF2BB} = {2DBC52A9-7682-45F2-A75A-BED5AC39583D}
		{2CBC0F87-148C-499A-9EBB-EA9FB57A08F0} = {2DBC52A9-7682-45F2-A75A-BED5AC39583D}
		{3BFA441B-8B01-4DAE-87A6-80CD4CE46A99} = {2DBC52A9-7682-45F2-A75A-BED5AC39583D}
		{1F982EF0-826D-4D0D-ACA4-20C92021C1D9} = {2DBC52A9-7682-45F2-A75A-BED5AC39583D}
		{058BD9E9-A2E8-44DF-B12F-46F31A98226D} = {2DBC52A9-7682-45F2-A75A-BED5AC39583D}
		{8050911D-8436-4A30-81DC-518A73F6B01C} = {2DBC52A9-7682-45F2-A75A-BED5AC39583D}
		{7914E941-827C-492F-B975-CFAABFEAA50B} = {2DBC52A9-7682-45F2-A75A-BED5AC39583D}
		{1E60D776-DD16-4215-9332-6D5987EC0BA5} = {2DBC52A9-7682-45F2-A75A-BED5AC39583D}
		{E2954F36-BB9F-43C8-8BD6-6C76234245F5} = {2DBC52A9-7682-45F2-A75A-BED5AC39583D}
		{07C70CCB-24FF-4C8D-9080-C13AC6CD1146} = {2DBC52A9-7682-45F2-A75A-BED5AC39583D}
		{EF887AC0-A72C-4504-9493-17E15F824279} = {2DBC52A9-7682-45F2-A75A-BED5AC39583D}
		{0DF617FF-F279-481E-AB67-65BB0A729C6A} = {84B722F4-3340-4D99-B565-4078246F56AD}
		{222C8FD8-3CA9-4924-A380-6EA717F0114B} = {0DF617FF-F279-481E-AB67-65BB0A729C6A}
		{791D6812-ADFD-4609-BE61-F4FDDCB90093} = {0DF617FF-F279-481E-AB67-65BB0A729C6A}
		{CB6A205F-13FF-497A-B102-01BE14564270} = {0DF617FF-F279-481E-AB67-65BB0A729C6A}
		{742B53A8-3167-4412-BB7B-A06A8A177495} = {0DF617FF-F279-481E-AB67-65BB0A729C6A}
		{674B3DC4-4B73-49BE-9451-6A78CE698421} = {0DF617FF-F279-481E-AB67-65BB0A729C6A}
		{DF490095-1D91-4251-A33B-95EED0B5CBF2} = {84B722F4-3340-4D99-B565-4078246F56AD}
		{D68DFE6F-AA16-479A-A93D-AB29D0F7D77B} = {84B722F4-3340-4D99-B565-4078246F56AD}
		{77230C40-799C-4E4C-9FB3-1918F1CBDD92} = {84B722F4-3340-4D99-B565-4078246F56AD}
		{F60AD1A4-24A3-4F06-98A3-5848851E1F2B} = {84B722F4-3340-4D99-B565-4078246F56AD}
		{E8AA2839-DF33-40B1-AA6A-28F031BE2A6E} = {DE975E0D-98E2-4374-A46D-1E6B3E6C2D88}
		{D1278AEB-FBE4-42BD-836F-160F884C5A82} = {DE975E0D-98E2-4374-A46D-1E6B3E6C2D88}
		{D9EB0E3E-4004-4C60-ADB0-A1A5D1EB3EDF} = {DE975E0D-98E2-4374-A46D-1E6B3E6C2D88}
		{4A98261A-9F4E-486D-B614-820481A7B1C6} = {DE975E0D-98E2-4374-A46D-1E6B3E6C2D88}
		{48045AC3-BF82-4B75-8C26-5F73DE57BF52} = {DE975E0D-98E2-4374-A46D-1E6B3E6C2D88}
		{58869596-EF03-496C-A359-B42A6ECC26B9} = {76B3B1FB-D027-4E8B-8CDC-22C64F076D49}
		{D8177FFC-CCEB-4594-945B-77E8A8946DBA} = {76B3B1FB-D027-4E8B-8CDC-22C64F076D49}
		{A3215DFB-B3C2-4FCC-B15C-2FA65917F8A5} = {76B3B1FB-D027-4E8B-8CDC-22C64F076D49}
		{D4B7408D-D3C4-44F0-AA52-DF0DFA98EE34} = {76B3B1FB-D027-4E8B-8CDC-22C64F076D49}
		{2A30A663-0D27-4AA0-B442-3CFCEFF6D2AA} = {76B3B1FB-D027-4E8B-8CDC-22C64F076D49}
		{17E94F6C-A2FE-429A-9553-B8C261789ABB} = {76B3B1FB-D027-4E8B-8CDC-22C64F076D49}
		{4EE9C9BD-764F-4889-8C78-A0A83E34CE7F} = {76B3B1FB-D027-4E8B-8CDC-22C64F076D49}
		{92052E81-DEF1-423A-81C7-BA379AD7C4AB} = {76B3B1FB-D027-4E8B-8CDC-22C64F076D49}
		{BFC2E3E9-1899-4FB6-88F3-15B4DC598E78} = {76B3B1FB-D027-4E8B-8CDC-22C64F076D49}
		{DF8219B0-1A35-4AE8-812D-B9B07E3D0B7F} = {76B3B1FB-D027-4E8B-8CDC-22C64F076D49}
		{3FA436E0-84EE-4A3C-B640-9CB086C89C57} = {DE975E0D-98E2-4374-A46D-1E6B3E6C2D88}
		{31B29ED4-604C-4AC8-9B13-9B966DA4D110} = {0DF617FF-F279-481E-AB67-65BB0A729C6A}
		{5FA112E9-3A29-48AF-9402-FEF1DAC013EC} = {31B29ED4-604C-4AC8-9B13-9B966DA4D110}
		{299FFD1F-4B22-49E6-94DA-38CC0F15EC36} = {31B29ED4-604C-4AC8-9B13-9B966DA4D110}
		{119B1EB9-93C6-47B0-ABDF-076C14A44189} = {2DBC52A9-7682-45F2-A75A-BED5AC39583D}
		{8241C048-23B2-44D2-BB0D-1DBB13DC008A} = {119B1EB9-93C6-47B0-ABDF-076C14A44189}
		{A8C4DECD-75D7-4C49-90A6-9BDDF907A683} = {7914E941-827C-492F-B975-CFAABFEAA50B}
		{60CCE339-B3AE-4AED-B8F2-34BBE1E3A858} = {4EB7B6B4-9D69-45B8-B995-333D6A6490F2}
		{4EB7B6B4-9D69-45B8-B995-333D6A6490F2} = {2DBC52A9-7682-45F2-A75A-BED5AC39583D}
		{CC9E5485-3EC2-4BE0-899A-2D8B66025EFB} = {2CBC0F87-148C-499A-9EBB-EA9FB57A08F0}
		{5437BC04-B247-42B0-A535-30E4AD212391} = {EF887AC0-A72C-4504-9493-17E15F824279}
		{64B3464A-38CD-4361-BD0D-A62502CD863E} = {07C70CCB-24FF-4C8D-9080-C13AC6CD1146}
		{6800044C-9B10-4BB4-87D3-07108CD2EB74} = {058BD9E9-A2E8-44DF-B12F-46F31A98226D}
		{D90EFA43-E374-4D2C-B394-91B2C49CA922} = {DE4181BA-2D97-420B-97A3-D1BD33CCF2BB}
		{6F9700B5-9C46-475E-BFDB-F8AA68319009} = {1F982EF0-826D-4D0D-ACA4-20C92021C1D9}
		{7DBCA390-44AC-409A-97D1-A1319491650E} = {1E60D776-DD16-4215-9332-6D5987EC0BA5}
		{6C94F071-7D49-4A68-8928-14AA1B805450} = {E2954F36-BB9F-43C8-8BD6-6C76234245F5}
		{8C04BA22-40A1-4FA8-A9DB-0C2A425431C6} = {8050911D-8436-4A30-81DC-518A73F6B01C}
		{A096F480-B4B7-41A5-87E1-FC08278CDD68} = {DF8219B0-1A35-4AE8-812D-B9B07E3D0B7F}
		{72189EFC-EDC7-4D1C-B353-77F62F4A2AD5} = {84B722F4-3340-4D99-B565-4078246F56AD}
		{2242A5EC-5C1D-4B95-B959-BB198B9C6D85} = {77230C40-799C-4E4C-9FB3-1918F1CBDD92}
		{D36B8C58-F0C8-4A5A-81CC-AEEEF2A55C17} = {77230C40-799C-4E4C-9FB3-1918F1CBDD92}
		{AAED750B-9D9F-455D-9E1D-A64EBF41CE59} = {F60AD1A4-24A3-4F06-98A3-5848851E1F2B}
		{FBC9E1AA-29CD-4FD8-9821-990BF313BE24} = {F60AD1A4-24A3-4F06-98A3-5848851E1F2B}
		{9F77DC89-9F37-4B6F-BBD3-6DEBCCB6F9B8} = {34DADABC-65D8-4AA5-AFF9-A92F3F0528AF}
		{C962AFC1-C825-43E1-9F01-5B9A1B4E09E4} = {34DADABC-65D8-4AA5-AFF9-A92F3F0528AF}
	EndGlobalSection
	GlobalSection(ExtensibilityGlobals) = postSolution
		SolutionGuid = {EF062076-71F7-4398-9B54-DA54A0CD7157}
	EndGlobalSection
EndGlobal
