
Microsoft Visual Studio Solution File, Format Version 12.00
# Visual Studio Version 17
VisualStudioVersion = 17.14.36623.8 d17.14
MinimumVisualStudioVersion = 10.0.40219.1
Project("{FAE04EC0-301F-11D3-BF4B-00C04F79EFBC}") = "REST_TESTSERVER", "REST_TESTSERVER.csproj", "{CA5C4289-C880-4111-8F0D-59E6B94D48BA}"
EndProject
Global
	GlobalSection(SolutionConfigurationPlatforms) = preSolution
		Debug|Any CPU = Debug|Any CPU
		Release|Any CPU = Release|Any CPU
	EndGlobalSection
	GlobalSection(ProjectConfigurationPlatforms) = postSolution
		{CA5C4289-C880-4111-8F0D-59E6B94D48BA}.Debug|Any CPU.ActiveCfg = Debug|Any CPU
		{CA5C4289-C880-4111-8F0D-59E6B94D48BA}.Debug|Any CPU.Build.0 = Debug|Any CPU
		{CA5C4289-C880-4111-8F0D-59E6B94D48BA}.Release|Any CPU.ActiveCfg = Release|Any CPU
		{CA5C4289-C880-4111-8F0D-59E6B94D48BA}.Release|Any CPU.Build.0 = Release|Any CPU
	EndGlobalSection
	GlobalSection(SolutionProperties) = preSolution
		HideSolutionNode = FALSE
	EndGlobalSection
	GlobalSection(ExtensibilityGlobals) = postSolution
		SolutionGuid = {6B8689D9-C0B9-4F8E-AFE3-E3CC0143CD90}
	EndGlobalSection
EndGlobal
